// !$*UTF8*$!
{
	archiveVersion = 1;
	classes = {
	};
	objectVersion = 55;
	objects = {

/* Begin PBXBuildFile section */
		25A72FD92A23628B008E4E0B /* AppDelegate.swift in Sources */ = {isa = PBXBuildFile; fileRef = 25A72FD82A23628B008E4E0B /* AppDelegate.swift */; };
		25A72FDB2A23628B008E4E0B /* SceneDelegate.swift in Sources */ = {isa = PBXBuildFile; fileRef = 25A72FDA2A23628B008E4E0B /* SceneDelegate.swift */; };
		25A72FDD2A23628B008E4E0B /* ViewController.swift in Sources */ = {isa = PBXBuildFile; fileRef = 25A72FDC2A23628B008E4E0B /* ViewController.swift */; };
		25A72FE02A23628B008E4E0B /* Main.storyboard in Resources */ = {isa = PBXBuildFile; fileRef = 25A72FDE2A23628B008E4E0B /* Main.storyboard */; };
		25A72FE22A23628B008E4E0B /* Assets.xcassets in Resources */ = {isa = PBXBuildFile; fileRef = 25A72FE12A23628B008E4E0B /* Assets.xcassets */; };
		25A72FE52A23628B008E4E0B /* LaunchScreen.storyboard in Resources */ = {isa = PBXBuildFile; fileRef = 25A72FE32A23628B008E4E0B /* LaunchScreen.storyboard */; };
		25A72FF02A23628B008E4E0B /* WifiListAppslicationTests.swift in Sources */ = {isa = PBXBuildFile; fileRef = 25A72FEF2A23628B008E4E0B /* WifiListAppslicationTests.swift */; };
		25A72FFA2A23628B008E4E0B /* WifiListAppslicationUITests.swift in Sources */ = {isa = PBXBuildFile; fileRef = 25A72FF92A23628B008E4E0B /* WifiListAppslicationUITests.swift */; };
		25A72FFC2A23628B008E4E0B /* WifiListAppslicationUITestsLaunchTests.swift in Sources */ = {isa = PBXBuildFile; fileRef = 25A72FFB2A23628B008E4E0B /* WifiListAppslicationUITestsLaunchTests.swift */; };
/* End PBXBuildFile section */

/* Begin PBXContainerItemProxy section */
		25A72FEC2A23628B008E4E0B /* PBXContainerItemProxy */ = {
			isa = PBXContainerItemProxy;
			containerPortal = 25A72FCD2A23628B008E4E0B /* Project object */;
			proxyType = 1;
			remoteGlobalIDString = 25A72FD42A23628B008E4E0B;
			remoteInfo = WifiListAppslication;
		};
		25A72FF62A23628B008E4E0B /* PBXContainerItemProxy */ = {
			isa = PBXContainerItemProxy;
			containerPortal = 25A72FCD2A23628B008E4E0B /* Project object */;
			proxyType = 1;
			remoteGlobalIDString = 25A72FD42A23628B008E4E0B;
			remoteInfo = WifiListAppslication;
		};
/* End PBXContainerItemProxy section */

/* Begin PBXFileReference section */
		25A72FD52A23628B008E4E0B /* WifiListAppslication.app */ = {isa = PBXFileReference; explicitFileType = wrapper.application; includeInIndex = 0; path = WifiListAppslication.app; sourceTree = BUILT_PRODUCTS_DIR; };
		25A72FD82A23628B008E4E0B /* AppDelegate.swift */ = {isa = PBXFileReference; lastKnownFileType = sourcecode.swift; path = AppDelegate.swift; sourceTree = "<group>"; };
		25A72FDA2A23628B008E4E0B /* SceneDelegate.swift */ = {isa = PBXFileReference; lastKnownFileType = sourcecode.swift; path = SceneDelegate.swift; sourceTree = "<group>"; };
		25A72FDC2A23628B008E4E0B /* ViewController.swift */ = {isa = PBXFileReference; lastKnownFileType = sourcecode.swift; path = ViewController.swift; sourceTree = "<group>"; };
		25A72FDF2A23628B008E4E0B /* Base */ = {isa = PBXFileReference; lastKnownFileType = file.storyboard; name = Base; path = Base.lproj/Main.storyboard; sourceTree = "<group>"; };
		25A72FE12A23628B008E4E0B /* Assets.xcassets */ = {isa = PBXFileReference; lastKnownFileType = folder.assetcatalog; path = Assets.xcassets; sourceTree = "<group>"; };
		25A72FE42A23628B008E4E0B /* Base */ = {isa = PBXFileReference; lastKnownFileType = file.storyboard; name = Base; path = Base.lproj/LaunchScreen.storyboard; sourceTree = "<group>"; };
		25A72FE62A23628B008E4E0B /* Info.plist */ = {isa = PBXFileReference; lastKnownFileType = text.plist.xml; path = Info.plist; sourceTree = "<group>"; };
		25A72FEB2A23628B008E4E0B /* WifiListAppslicationTests.xctest */ = {isa = PBXFileReference; explicitFileType = wrapper.cfbundle; includeInIndex = 0; path = WifiListAppslicationTests.xctest; sourceTree = BUILT_PRODUCTS_DIR; };
		25A72FEF2A23628B008E4E0B /* WifiListAppslicationTests.swift */ = {isa = PBXFileReference; lastKnownFileType = sourcecode.swift; path = WifiListAppslicationTests.swift; sourceTree = "<group>"; };
		25A72FF52A23628B008E4E0B /* WifiListAppslicationUITests.xctest */ = {isa = PBXFileReference; explicitFileType = wrapper.cfbundle; includeInIndex = 0; path = WifiListAppslicationUITests.xctest; sourceTree = BUILT_PRODUCTS_DIR; };
		25A72FF92A23628B008E4E0B /* WifiListAppslicationUITests.swift */ = {isa = PBXFileReference; lastKnownFileType = sourcecode.swift; path = WifiListAppslicationUITests.swift; sourceTree = "<group>"; };
		25A72FFB2A23628B008E4E0B /* WifiListAppslicationUITestsLaunchTests.swift */ = {isa = PBXFileReference; lastKnownFileType = sourcecode.swift; path = WifiListAppslicationUITestsLaunchTests.swift; sourceTree = "<group>"; };
/* End PBXFileReference section */

/* Begin PBXFrameworksBuildPhase section */
		25A72FD22A23628B008E4E0B /* Frameworks */ = {
			isa = PBXFrameworksBuildPhase;
			buildActionMask = 2147483647;
			files = (
			);
			runOnlyForDeploymentPostprocessing = 0;
		};
		25A72FE82A23628B008E4E0B /* Frameworks */ = {
			isa = PBXFrameworksBuildPhase;
			buildActionMask = 2147483647;
			files = (
			);
			runOnlyForDeploymentPostprocessing = 0;
		};
		25A72FF22A23628B008E4E0B /* Frameworks */ = {
			isa = PBXFrameworksBuildPhase;
			buildActionMask = 2147483647;
			files = (
			);
			runOnlyForDeploymentPostprocessing = 0;
		};
/* End PBXFrameworksBuildPhase section */

/* Begin PBXGroup section */
		25A72FCC2A23628B008E4E0B = {
			isa = PBXGroup;
			children = (
				25A72FD72A23628B008E4E0B /* WifiListAppslication */,
				25A72FEE2A23628B008E4E0B /* WifiListAppslicationTests */,
				25A72FF82A23628B008E4E0B /* WifiListAppslicationUITests */,
				25A72FD62A23628B008E4E0B /* Products */,
			);
			sourceTree = "<group>";
		};
		25A72FD62A23628B008E4E0B /* Products */ = {
			isa = PBXGroup;
			children = (
				25A72FD52A23628B008E4E0B /* WifiListAppslication.app */,
				25A72FEB2A23628B008E4E0B /* WifiListAppslicationTests.xctest */,
				25A72FF52A23628B008E4E0B /* WifiListAppslicationUITests.xctest */,
			);
			name = Products;
			sourceTree = "<group>";
		};
		25A72FD72A23628B008E4E0B /* WifiListAppslication */ = {
			isa = PBXGroup;
			children = (
				25A72FD82A23628B008E4E0B /* AppDelegate.swift */,
				25A72FDA2A23628B008E4E0B /* SceneDelegate.swift */,
				25A72FDC2A23628B008E4E0B /* ViewController.swift */,
				25A72FDE2A23628B008E4E0B /* Main.storyboard */,
				25A72FE12A23628B008E4E0B /* Assets.xcassets */,
				25A72FE32A23628B008E4E0B /* LaunchScreen.storyboard */,
				25A72FE62A23628B008E4E0B /* Info.plist */,
			);
			path = WifiListAppslication;
			sourceTree = "<group>";
		};
		25A72FEE2A23628B008E4E0B /* WifiListAppslicationTests */ = {
			isa = PBXGroup;
			children = (
				25A72FEF2A23628B008E4E0B /* WifiListAppslicationTests.swift */,
			);
			path = WifiListAppslicationTests;
			sourceTree = "<group>";
		};
		25A72FF82A23628B008E4E0B /* WifiListAppslicationUITests */ = {
			isa = PBXGroup;
			children = (
				25A72FF92A23628B008E4E0B /* WifiListAppslicationUITests.swift */,
				25A72FFB2A23628B008E4E0B /* WifiListAppslicationUITestsLaunchTests.swift */,
			);
			path = WifiListAppslicationUITests;
			sourceTree = "<group>";
		};
/* End PBXGroup section */

/* Begin PBXNativeTarget section */
		25A72FD42A23628B008E4E0B /* WifiListAppslication */ = {
			isa = PBXNativeTarget;
			buildConfigurationList = 25A72FFF2A23628B008E4E0B /* Build configuration list for PBXNativeTarget "WifiListAppslication" */;
			buildPhases = (
				25A72FD12A23628B008E4E0B /* Sources */,
				25A72FD22A23628B008E4E0B /* Frameworks */,
				25A72FD32A23628B008E4E0B /* Resources */,
			);
			buildRules = (
			);
			dependencies = (
			);
			name = WifiListAppslication;
			productName = WifiListAppslication;
			productReference = 25A72FD52A23628B008E4E0B /* WifiListAppslication.app */;
			productType = "com.apple.product-type.application";
		};
		25A72FEA2A23628B008E4E0B /* WifiListAppslicationTests */ = {
			isa = PBXNativeTarget;
			buildConfigurationList = 25A730022A23628B008E4E0B /* Build configuration list for PBXNativeTarget "WifiListAppslicationTests" */;
			buildPhases = (
				25A72FE72A23628B008E4E0B /* Sources */,
				25A72FE82A23628B008E4E0B /* Frameworks */,
				25A72FE92A23628B008E4E0B /* Resources */,
			);
			buildRules = (
			);
			dependencies = (
				25A72FED2A23628B008E4E0B /* PBXTargetDependency */,
			);
			name = WifiListAppslicationTests;
			productName = WifiListAppslicationTests;
			productReference = 25A72FEB2A23628B008E4E0B /* WifiListAppslicationTests.xctest */;
			productType = "com.apple.product-type.bundle.unit-test";
		};
		25A72FF42A23628B008E4E0B /* WifiListAppslicationUITests */ = {
			isa = PBXNativeTarget;
			buildConfigurationList = 25A730052A23628B008E4E0B /* Build configuration list for PBXNativeTarget "WifiListAppslicationUITests" */;
			buildPhases = (
				25A72FF12A23628B008E4E0B /* Sources */,
				25A72FF22A23628B008E4E0B /* Frameworks */,
				25A72FF32A23628B008E4E0B /* Resources */,
			);
			buildRules = (
			);
			dependencies = (
				25A72FF72A23628B008E4E0B /* PBXTargetDependency */,
			);
			name = WifiListAppslicationUITests;
			productName = WifiListAppslicationUITests;
			productReference = 25A72FF52A23628B008E4E0B /* WifiListAppslicationUITests.xctest */;
			productType = "com.apple.product-type.bundle.ui-testing";
		};
/* End PBXNativeTarget section */

/* Begin PBXProject section */
		25A72FCD2A23628B008E4E0B /* Project object */ = {
			isa = PBXProject;
			attributes = {
				BuildIndependentTargetsInParallel = 1;
				LastSwiftUpdateCheck = 1310;
				LastUpgradeCheck = 1310;
				TargetAttributes = {
					25A72FD42A23628B008E4E0B = {
						CreatedOnToolsVersion = 13.1;
					};
					25A72FEA2A23628B008E4E0B = {
						CreatedOnToolsVersion = 13.1;
						TestTargetID = 25A72FD42A23628B008E4E0B;
					};
					25A72FF42A23628B008E4E0B = {
						CreatedOnToolsVersion = 13.1;
						TestTargetID = 25A72FD42A23628B008E4E0B;
					};
				};
			};
			buildConfigurationList = 25A72FD02A23628B008E4E0B /* Build configuration list for PBXProject "WifiListAppslication" */;
			compatibilityVersion = "Xcode 13.0";
			developmentRegion = en;
			hasScannedForEncodings = 0;
			knownRegions = (
				en,
				Base,
			);
			mainGroup = 25A72FCC2A23628B008E4E0B;
			productRefGroup = 25A72FD62A23628B008E4E0B /* Products */;
			projectDirPath = "";
			projectRoot = "";
			targets = (
				25A72FD42A23628B008E4E0B /* WifiListAppslication */,
				25A72FEA2A23628B008E4E0B /* WifiListAppslicationTests */,
				25A72FF42A23628B008E4E0B /* WifiListAppslicationUITests */,
			);
		};
/* End PBXProject section */

/* Begin PBXResourcesBuildPhase section */
		25A72FD32A23628B008E4E0B /* Resources */ = {
			isa = PBXResourcesBuildPhase;
			buildActionMask = 2147483647;
			files = (
				25A72FE52A23628B008E4E0B /* LaunchScreen.storyboard in Resources */,
				25A72FE22A23628B008E4E0B /* Assets.xcassets in Resources */,
				25A72FE02A23628B008E4E0B /* Main.storyboard in Resources */,
			);
			runOnlyForDeploymentPostprocessing = 0;
		};
		25A72FE92A23628B008E4E0B /* Resources */ = {
			isa = PBXResourcesBuildPhase;
			buildActionMask = 2147483647;
			files = (
			);
			runOnlyForDeploymentPostprocessing = 0;
		};
		25A72FF32A23628B008E4E0B /* Resources */ = {
			isa = PBXResourcesBuildPhase;
			buildActionMask = 2147483647;
			files = (
			);
			runOnlyForDeploymentPostprocessing = 0;
		};
/* End PBXResourcesBuildPhase section */

/* Begin PBXSourcesBuildPhase section */
		25A72FD12A23628B008E4E0B /* Sources */ = {
			isa = PBXSourcesBuildPhase;
			buildActionMask = 2147483647;
			files = (
				25A72FDD2A23628B008E4E0B /* ViewController.swift in Sources */,
				25A72FD92A23628B008E4E0B /* AppDelegate.swift in Sources */,
				25A72FDB2A23628B008E4E0B /* SceneDelegate.swift in Sources */,
			);
			runOnlyForDeploymentPostprocessing = 0;
		};
		25A72FE72A23628B008E4E0B /* Sources */ = {
			isa = PBXSourcesBuildPhase;
			buildActionMask = 2147483647;
			files = (
				25A72FF02A23628B008E4E0B /* WifiListAppslicationTests.swift in Sources */,
			);
			runOnlyForDeploymentPostprocessing = 0;
		};
		25A72FF12A23628B008E4E0B /* Sources */ = {
			isa = PBXSourcesBuildPhase;
			buildActionMask = 2147483647;
			files = (
				25A72FFC2A23628B008E4E0B /* WifiListAppslicationUITestsLaunchTests.swift in Sources */,
				25A72FFA2A23628B008E4E0B /* WifiListAppslicationUITests.swift in Sources */,
			);
			runOnlyForDeploymentPostprocessing = 0;
		};
/* End PBXSourcesBuildPhase section */

/* Begin PBXTargetDependency section */
		25A72FED2A23628B008E4E0B /* PBXTargetDependency */ = {
			isa = PBXTargetDependency;
			target = 25A72FD42A23628B008E4E0B /* WifiListAppslication */;
			targetProxy = 25A72FEC2A23628B008E4E0B /* PBXContainerItemProxy */;
		};
		25A72FF72A23628B008E4E0B /* PBXTargetDependency */ = {
			isa = PBXTargetDependency;
			target = 25A72FD42A23628B008E4E0B /* WifiListAppslication */;
			targetProxy = 25A72FF62A23628B008E4E0B /* PBXContainerItemProxy */;
		};
/* End PBXTargetDependency section */

/* Begin PBXVariantGroup section */
		25A72FDE2A23628B008E4E0B /* Main.storyboard */ = {
			isa = PBXVariantGroup;
			children = (
				25A72FDF2A23628B008E4E0B /* Base */,
			);
			name = Main.storyboard;
			sourceTree = "<group>";
		};
		25A72FE32A23628B008E4E0B /* LaunchScreen.storyboard */ = {
			isa = PBXVariantGroup;
			children = (
				25A72FE42A23628B008E4E0B /* Base */,
			);
			name = LaunchScreen.storyboard;
			sourceTree = "<group>";
		};
/* End PBXVariantGroup section */

/* Begin XCBuildConfiguration section */
		25A72FFD2A23628B008E4E0B /* Debug */ = {
			isa = XCBuildConfiguration;
			buildSettings = {
				ALWAYS_SEARCH_USER_PATHS = NO;
				CLANG_ANALYZER_NONNULL = YES;
				CLANG_ANALYZER_NUMBER_OBJECT_CONVERSION = YES_AGGRESSIVE;
				CLANG_CXX_LANGUAGE_STANDARD = "gnu++17";
				CLANG_CXX_LIBRARY = "libc++";
				CLANG_ENABLE_MODULES = YES;
				CLANG_ENABLE_OBJC_ARC = YES;
				CLANG_ENABLE_OBJC_WEAK = YES;
				CLANG_WARN_BLOCK_CAPTURE_AUTORELEASING = YES;
				CLANG_WARN_BOOL_CONVERSION = YES;
				CLANG_WARN_COMMA = YES;
				CLANG_WARN_CONSTANT_CONVERSION = YES;
				CLANG_WARN_DEPRECATED_OBJC_IMPLEMENTATIONS = YES;
				CLANG_WARN_DIRECT_OBJC_ISA_USAGE = YES_ERROR;
				CLANG_WARN_DOCUMENTATION_COMMENTS = YES;
				CLANG_WARN_EMPTY_BODY = YES;
				CLANG_WARN_ENUM_CONVERSION = YES;
				CLANG_WARN_INFINITE_RECURSION = YES;
				CLANG_WARN_INT_CONVERSION = YES;
				CLANG_WARN_NON_LITERAL_NULL_CONVERSION = YES;
				CLANG_WARN_OBJC_IMPLICIT_RETAIN_SELF = YES;
				CLANG_WARN_OBJC_LITERAL_CONVERSION = YES;
				CLANG_WARN_OBJC_ROOT_CLASS = YES_ERROR;
				CLANG_WARN_QUOTED_INCLUDE_IN_FRAMEWORK_HEADER = YES;
				CLANG_WARN_RANGE_LOOP_ANALYSIS = YES;
				CLANG_WARN_STRICT_PROTOTYPES = YES;
				CLANG_WARN_SUSPICIOUS_MOVE = YES;
				CLANG_WARN_UNGUARDED_AVAILABILITY = YES_AGGRESSIVE;
				CLANG_WARN_UNREACHABLE_CODE = YES;
				CLANG_WARN__DUPLICATE_METHOD_MATCH = YES;
				COPY_PHASE_STRIP = NO;
				DEBUG_INFORMATION_FORMAT = dwarf;
				ENABLE_STRICT_OBJC_MSGSEND = YES;
				ENABLE_TESTABILITY = YES;
				GCC_C_LANGUAGE_STANDARD = gnu11;
				GCC_DYNAMIC_NO_PIC = NO;
				GCC_NO_COMMON_BLOCKS = YES;
				GCC_OPTIMIZATION_LEVEL = 0;
				GCC_PREPROCESSOR_DEFINITIONS = (
					"DEBUG=1",
					"$(inherited)",
				);
				GCC_WARN_64_TO_32_BIT_CONVERSION = YES;
				GCC_WARN_ABOUT_RETURN_TYPE = YES_ERROR;
				GCC_WARN_UNDECLARED_SELECTOR = YES;
				GCC_WARN_UNINITIALIZED_AUTOS = YES_AGGRESSIVE;
				GCC_WARN_UNUSED_FUNCTION = YES;
				GCC_WARN_UNUSED_VARIABLE = YES;
				IPHONEOS_DEPLOYMENT_TARGET = 15.0;
				MTL_ENABLE_DEBUG_INFO = INCLUDE_SOURCE;
				MTL_FAST_MATH = YES;
				ONLY_ACTIVE_ARCH = YES;
				SDKROOT = iphoneos;
				SWIFT_ACTIVE_COMPILATION_CONDITIONS = DEBUG;
				SWIFT_OPTIMIZATION_LEVEL = "-Onone";
			};
			name = Debug;
		};
		25A72FFE2A23628B008E4E0B /* Release */ = {
			isa = XCBuildConfiguration;
			buildSettings = {
				ALWAYS_SEARCH_USER_PATHS = NO;
				CLANG_ANALYZER_NONNULL = YES;
				CLANG_ANALYZER_NUMBER_OBJECT_CONVERSION = YES_AGGRESSIVE;
				CLANG_CXX_LANGUAGE_STANDARD = "gnu++17";
				CLANG_CXX_LIBRARY = "libc++";
				CLANG_ENABLE_MODULES = YES;
				CLANG_ENABLE_OBJC_ARC = YES;
				CLANG_ENABLE_OBJC_WEAK = YES;
				CLANG_WARN_BLOCK_CAPTURE_AUTORELEASING = YES;
				CLANG_WARN_BOOL_CONVERSION = YES;
				CLANG_WARN_COMMA = YES;
				CLANG_WARN_CONSTANT_CONVERSION = YES;
				CLANG_WARN_DEPRECATED_OBJC_IMPLEMENTATIONS = YES;
				CLANG_WARN_DIRECT_OBJC_ISA_USAGE = YES_ERROR;
				CLANG_WARN_DOCUMENTATION_COMMENTS = YES;
				CLANG_WARN_EMPTY_BODY = YES;
				CLANG_WARN_ENUM_CONVERSION = YES;
				CLANG_WARN_INFINITE_RECURSION = YES;
				CLANG_WARN_INT_CONVERSION = YES;
				CLANG_WARN_NON_LITERAL_NULL_CONVERSION = YES;
				CLANG_WARN_OBJC_IMPLICIT_RETAIN_SELF = YES;
				CLANG_WARN_OBJC_LITERAL_CONVERSION = YES;
				CLANG_WARN_OBJC_ROOT_CLASS = YES_ERROR;
				CLANG_WARN_QUOTED_INCLUDE_IN_FRAMEWORK_HEADER = YES;
				CLANG_WARN_RANGE_LOOP_ANALYSIS = YES;
				CLANG_WARN_STRICT_PROTOTYPES = YES;
				CLANG_WARN_SUSPICIOUS_MOVE = YES;
				CLANG_WARN_UNGUARDED_AVAILABILITY = YES_AGGRESSIVE;
				CLANG_WARN_UNREACHABLE_CODE = YES;
				CLANG_WARN__DUPLICATE_METHOD_MATCH = YES;
				COPY_PHASE_STRIP = NO;
				DEBUG_INFORMATION_FORMAT = "dwarf-with-dsym";
				ENABLE_NS_ASSERTIONS = NO;
				ENABLE_STRICT_OBJC_MSGSEND = YES;
				GCC_C_LANGUAGE_STANDARD = gnu11;
				GCC_NO_COMMON_BLOCKS = YES;
				GCC_WARN_64_TO_32_BIT_CONVERSION = YES;
				GCC_WARN_ABOUT_RETURN_TYPE = YES_ERROR;
				GCC_WARN_UNDECLARED_SELECTOR = YES;
				GCC_WARN_UNINITIALIZED_AUTOS = YES_AGGRESSIVE;
				GCC_WARN_UNUSED_FUNCTION = YES;
				GCC_WARN_UNUSED_VARIABLE = YES;
				IPHONEOS_DEPLOYMENT_TARGET = 15.0;
				MTL_ENABLE_DEBUG_INFO = NO;
				MTL_FAST_MATH = YES;
				SDKROOT = iphoneos;
				SWIFT_COMPILATION_MODE = wholemodule;
				SWIFT_OPTIMIZATION_LEVEL = "-O";
				VALIDATE_PRODUCT = YES;
			};
			name = Release;
		};
		25A730002A23628B008E4E0B /* Debug */ = {
			isa = XCBuildConfiguration;
			buildSettings = {
				ASSETCATALOG_COMPILER_APPICON_NAME = AppIcon;
				ASSETCATALOG_COMPILER_GLOBAL_ACCENT_COLOR_NAME = AccentColor;
				CODE_SIGN_STYLE = Automatic;
				CURRENT_PROJECT_VERSION = 1;
				DEVELOPMENT_TEAM = V23C68N65J;
				GENERATE_INFOPLIST_FILE = YES;
				INFOPLIST_FILE = WifiListAppslication/Info.plist;
				INFOPLIST_KEY_UIApplicationSupportsIndirectInputEvents = YES;
				INFOPLIST_KEY_UILaunchStoryboardName = LaunchScreen;
				INFOPLIST_KEY_UIMainStoryboardFile = Main;
				INFOPLIST_KEY_UISupportedInterfaceOrientations_iPad = "UIInterfaceOrientationPortrait UIInterfaceOrientationPortraitUpsideDown UIInterfaceOrientationLandscapeLeft UIInterfaceOrientationLandscapeRight";
				INFOPLIST_KEY_UISupportedInterfaceOrientations_iPhone = "UIInterfaceOrientationPortrait UIInterfaceOrientationLandscapeLeft UIInterfaceOrientationLandscapeRight";
				LD_RUNPATH_SEARCH_PATHS = (
					"$(inherited)",
					"@executable_path/Frameworks",
				);
				MARKETING_VERSION = 1.0;
				PRODUCT_BUNDLE_IDENTIFIER = com.tht.WifiListAppslication;
				PRODUCT_NAME = "$(TARGET_NAME)";
				SWIFT_EMIT_LOC_STRINGS = YES;
				SWIFT_VERSION = 5.0;
				TARGETED_DEVICE_FAMILY = "1,2";
			};
			name = Debug;
		};
		25A730012A23628B008E4E0B /* Release */ = {
			isa = XCBuildConfiguration;
			buildSettings = {
				ASSETCATALOG_COMPILER_APPICON_NAME = AppIcon;
				ASSETCATALOG_COMPILER_GLOBAL_ACCENT_COLOR_NAME = AccentColor;
				CODE_SIGN_STYLE = Automatic;
				CURRENT_PROJECT_VERSION = 1;
				DEVELOPMENT_TEAM = V23C68N65J;
				GENERATE_INFOPLIST_FILE = YES;
				INFOPLIST_FILE = WifiListAppslication/Info.plist;
				INFOPLIST_KEY_UIApplicationSupportsIndirectInputEvents = YES;
				INFOPLIST_KEY_UILaunchStoryboardName = LaunchScreen;
				INFOPLIST_KEY_UIMainStoryboardFile = Main;
				INFOPLIST_KEY_UISupportedInterfaceOrientations_iPad = "UIInterfaceOrientationPortrait UIInterfaceOrientationPortraitUpsideDown UIInterfaceOrientationLandscapeLeft UIInterfaceOrientationLandscapeRight";
				INFOPLIST_KEY_UISupportedInterfaceOrientations_iPhone = "UIInterfaceOrientationPortrait UIInterfaceOrientationLandscapeLeft UIInterfaceOrientationLandscapeRight";
				LD_RUNPATH_SEARCH_PATHS = (
					"$(inherited)",
					"@executable_path/Frameworks",
				);
				MARKETING_VERSION = 1.0;
				PRODUCT_BUNDLE_IDENTIFIER = com.tht.WifiListAppslication;
				PRODUCT_NAME = "$(TARGET_NAME)";
				SWIFT_EMIT_LOC_STRINGS = YES;
				SWIFT_VERSION = 5.0;
				TARGETED_DEVICE_FAMILY = "1,2";
			};
			name = Release;
		};
		25A730032A23628B008E4E0B /* Debug */ = {
			isa = XCBuildConfiguration;
			buildSettings = {
				ALWAYS_EMBED_SWIFT_STANDARD_LIBRARIES = YES;
				BUNDLE_LOADER = "$(TEST_HOST)";
				CODE_SIGN_STYLE = Automatic;
				CURRENT_PROJECT_VERSION = 1;
				DEVELOPMENT_TEAM = V23C68N65J;
				GENERATE_INFOPLIST_FILE = YES;
				IPHONEOS_DEPLOYMENT_TARGET = 15.0;
				LD_RUNPATH_SEARCH_PATHS = (
					"$(inherited)",
					"@executable_path/Frameworks",
					"@loader_path/Frameworks",
				);
				MARKETING_VERSION = 1.0;
				PRODUCT_BUNDLE_IDENTIFIER = com.tht.WifiListAppslicationTests;
				PRODUCT_NAME = "$(TARGET_NAME)";
				SWIFT_EMIT_LOC_STRINGS = NO;
				SWIFT_VERSION = 5.0;
				TARGETED_DEVICE_FAMILY = "1,2";
				TEST_HOST = "$(BUILT_PRODUCTS_DIR)/WifiListAppslication.app/WifiListAppslication";
			};
			name = Debug;
		};
		25A730042A23628B008E4E0B /* Release */ = {
			isa = XCBuildConfiguration;
			buildSettings = {
				ALWAYS_EMBED_SWIFT_STANDARD_LIBRARIES = YES;
				BUNDLE_LOADER = "$(TEST_HOST)";
				CODE_SIGN_STYLE = Automatic;
				CURRENT_PROJECT_VERSION = 1;
				DEVELOPMENT_TEAM = V23C68N65J;
				GENERATE_INFOPLIST_FILE = YES;
				IPHONEOS_DEPLOYMENT_TARGET = 15.0;
				LD_RUNPATH_SEARCH_PATHS = (
					"$(inherited)",
					"@executable_path/Frameworks",
					"@loader_path/Frameworks",
				);
				MARKETING_VERSION = 1.0;
				PRODUCT_BUNDLE_IDENTIFIER = com.tht.WifiListAppslicationTests;
				PRODUCT_NAME = "$(TARGET_NAME)";
				SWIFT_EMIT_LOC_STRINGS = NO;
				SWIFT_VERSION = 5.0;
				TARGETED_DEVICE_FAMILY = "1,2";
				TEST_HOST = "$(BUILT_PRODUCTS_DIR)/WifiListAppslication.app/WifiListAppslication";
			};
			name = Release;
		};
		25A730062A23628B008E4E0B /* Debug */ = {
			isa = XCBuildConfiguration;
			buildSettings = {
				ALWAYS_EMBED_SWIFT_STANDARD_LIBRARIES = YES;
				CODE_SIGN_STYLE = Automatic;
				CURRENT_PROJECT_VERSION = 1;
				DEVELOPMENT_TEAM = V23C68N65J;
				GENERATE_INFOPLIST_FILE = YES;
				LD_RUNPATH_SEARCH_PATHS = (
					"$(inherited)",
					"@executable_path/Frameworks",
					"@loader_path/Frameworks",
				);
				MARKETING_VERSION = 1.0;
				PRODUCT_BUNDLE_IDENTIFIER = com.tht.WifiListAppslicationUITests;
				PRODUCT_NAME = "$(TARGET_NAME)";
				SWIFT_EMIT_LOC_STRINGS = NO;
				SWIFT_VERSION = 5.0;
				TARGETED_DEVICE_FAMILY = "1,2";
				TEST_TARGET_NAME = WifiListAppslication;
			};
			name = Debug;
		};
		25A730072A23628B008E4E0B /* Release */ = {
			isa = XCBuildConfiguration;
			buildSettings = {
				ALWAYS_EMBED_SWIFT_STANDARD_LIBRARIES = YES;
				CODE_SIGN_STYLE = Automatic;
				CURRENT_PROJECT_VERSION = 1;
				DEVELOPMENT_TEAM = V23C68N65J;
				GENERATE_INFOPLIST_FILE = YES;
				LD_RUNPATH_SEARCH_PATHS = (
					"$(inherited)",
					"@executable_path/Frameworks",
					"@loader_path/Frameworks",
				);
				MARKETING_VERSION = 1.0;
				PRODUCT_BUNDLE_IDENTIFIER = com.tht.WifiListAppslicationUITests;
				PRODUCT_NAME = "$(TARGET_NAME)";
				SWIFT_EMIT_LOC_STRINGS = NO;
				SWIFT_VERSION = 5.0;
				TARGETED_DEVICE_FAMILY = "1,2";
				TEST_TARGET_NAME = WifiListAppslication;
			};
			name = Release;
		};
/* End XCBuildConfiguration section */

/* Begin XCConfigurationList section */
		25A72FD02A23628B008E4E0B /* Build configuration list for PBXProject "WifiListAppslication" */ = {
			isa = XCConfigurationList;
			buildConfigurations = (
				25A72FFD2A23628B008E4E0B /* Debug */,
				25A72FFE2A23628B008E4E0B /* Release */,
			);
			defaultConfigurationIsVisible = 0;
			defaultConfigurationName = Release;
		};
		25A72FFF2A23628B008E4E0B /* Build configuration list for PBXNativeTarget "WifiListAppslication" */ = {
			isa = XCConfigurationList;
			buildConfigurations = (
				25A730002A23628B008E4E0B /* Debug */,
				25A730012A23628B008E4E0B /* Release */,
			);
			defaultConfigurationIsVisible = 0;
			defaultConfigurationName = Release;
		};
		25A730022A23628B008E4E0B /* Build configuration list for PBXNativeTarget "WifiListAppslicationTests" */ = {
			isa = XCConfigurationList;
			buildConfigurations = (
				25A730032A23628B008E4E0B /* Debug */,
				25A730042A23628B008E4E0B /* Release */,
			);
			defaultConfigurationIsVisible = 0;
			defaultConfigurationName = Release;
		};
		25A730052A23628B008E4E0B /* Build configuration list for PBXNativeTarget "WifiListAppslicationUITests" */ = {
			isa = XCConfigurationList;
			buildConfigurations = (
				25A730062A23628B008E4E0B /* Debug */,
				25A730072A23628B008E4E0B /* Release */,
			);
			defaultConfigurationIsVisible = 0;
			defaultConfigurationName = Release;
		};
/* End XCConfigurationList section */
	};
	rootObject = 25A72FCD2A23628B008E4E0B /* Project object */;
}
